
Microsoft Visual Studio Solution File, Format Version 12.00
Project("{FAE04EC0-301F-11D3-BF4B-00C04F79EFBC}") = "PaymentGatewayService", "src\PaymentGatewayService\PaymentGatewayService.csproj", "{980A015A-2CE2-434E-AE8B-7C4CAA943C88}"
EndProject
Project("{FAE04EC0-301F-11D3-BF4B-00C04F79EFBC}") = "PaymentGatewayService.Api", "src\PaymentGatewayService.Api\PaymentGatewayService.Api.csproj", "{84A05F2B-D8D3-4F7C-B0D8-BB4A4DA318F0}"
EndProject
Project("{FAE04EC0-301F-11D3-BF4B-00C04F79EFBC}") = "PaymentGatewayService.DependencyResolution", "src\PaymentGatewayService.DependencyResolution\PaymentGatewayService.DependencyResolution.csproj", "{E532E36E-0135-41F0-A511-D581E864AF5A}"
EndProject
Project("{FAE04EC0-301F-11D3-BF4B-00C04F79EFBC}") = "PaymentGatewayService.Api.Client", "src\PaymentGatewayService.Api.Client\PaymentGatewayService.Api.Client.csproj", "{684179B8-216A-4725-B6EF-9D0C00AA5CEE}"
EndProject
Project("{FAE04EC0-301F-11D3-BF4B-00C04F79EFBC}") = "PaymentGatewayService.Api.ViewModels", "src\PaymentGatewayService.Api.ViewModels\PaymentGatewayService.Api.ViewModels.csproj", "{D4F5F786-46CB-491A-B6DB-50EC3A8BF9F0}"
EndProject
Project("{FAE04EC0-301F-11D3-BF4B-00C04F79EFBC}") = "PaymentGatewayService.UnitTests", "src\PaymentGatewayService.UnitTests\PaymentGatewayService.UnitTests.csproj", "{50A99ADD-3F8E-414C-9EC6-F397B589483D}"
EndProject
Project("{2150E333-8FDC-42A3-9474-1A3956D46DE8}") = "Tests", "Tests", "{6F9FEC65-25FF-4F21-BAD4-962D939F2B78}"
EndProject
Global
	GlobalSection(SolutionConfigurationPlatforms) = preSolution
		Debug|Any CPU = Debug|Any CPU
		Release|Any CPU = Release|Any CPU
	EndGlobalSection
	GlobalSection(ProjectConfigurationPlatforms) = postSolution
		{980A015A-2CE2-434E-AE8B-7C4CAA943C88}.Debug|Any CPU.ActiveCfg = Debug|Any CPU
		{980A015A-2CE2-434E-AE8B-7C4CAA943C88}.Debug|Any CPU.Build.0 = Debug|Any CPU
		{980A015A-2CE2-434E-AE8B-7C4CAA943C88}.Release|Any CPU.ActiveCfg = Release|Any CPU
		{980A015A-2CE2-434E-AE8B-7C4CAA943C88}.Release|Any CPU.Build.0 = Release|Any CPU
		{84A05F2B-D8D3-4F7C-B0D8-BB4A4DA318F0}.Debug|Any CPU.ActiveCfg = Debug|Any CPU
		{84A05F2B-D8D3-4F7C-B0D8-BB4A4DA318F0}.Debug|Any CPU.Build.0 = Debug|Any CPU
		{84A05F2B-D8D3-4F7C-B0D8-BB4A4DA318F0}.Release|Any CPU.ActiveCfg = Release|Any CPU
		{84A05F2B-D8D3-4F7C-B0D8-BB4A4DA318F0}.Release|Any CPU.Build.0 = Release|Any CPU
		{E532E36E-0135-41F0-A511-D581E864AF5A}.Debug|Any CPU.ActiveCfg = Debug|Any CPU
		{E532E36E-0135-41F0-A511-D581E864AF5A}.Debug|Any CPU.Build.0 = Debug|Any CPU
		{E532E36E-0135-41F0-A511-D581E864AF5A}.Release|Any CPU.ActiveCfg = Release|Any CPU
		{E532E36E-0135-41F0-A511-D581E864AF5A}.Release|Any CPU.Build.0 = Release|Any CPU
		{684179B8-216A-4725-B6EF-9D0C00AA5CEE}.Debug|Any CPU.ActiveCfg = Debug|Any CPU
		{684179B8-216A-4725-B6EF-9D0C00AA5CEE}.Debug|Any CPU.Build.0 = Debug|Any CPU
		{684179B8-216A-4725-B6EF-9D0C00AA5CEE}.Release|Any CPU.ActiveCfg = Release|Any CPU
		{684179B8-216A-4725-B6EF-9D0C00AA5CEE}.Release|Any CPU.Build.0 = Release|Any CPU
		{D4F5F786-46CB-491A-B6DB-50EC3A8BF9F0}.Debug|Any CPU.ActiveCfg = Debug|Any CPU
		{D4F5F786-46CB-491A-B6DB-50EC3A8BF9F0}.Debug|Any CPU.Build.0 = Debug|Any CPU
		{D4F5F786-46CB-491A-B6DB-50EC3A8BF9F0}.Release|Any CPU.ActiveCfg = Release|Any CPU
		{D4F5F786-46CB-491A-B6DB-50EC3A8BF9F0}.Release|Any CPU.Build.0 = Release|Any CPU
		{50A99ADD-3F8E-414C-9EC6-F397B589483D}.Debug|Any CPU.ActiveCfg = Debug|Any CPU
		{50A99ADD-3F8E-414C-9EC6-F397B589483D}.Debug|Any CPU.Build.0 = Debug|Any CPU
		{50A99ADD-3F8E-414C-9EC6-F397B589483D}.Release|Any CPU.ActiveCfg = Release|Any CPU
		{50A99ADD-3F8E-414C-9EC6-F397B589483D}.Release|Any CPU.Build.0 = Release|Any CPU
	EndGlobalSection
	GlobalSection(NestedProjects) = preSolution
		{50A99ADD-3F8E-414C-9EC6-F397B589483D} = {6F9FEC65-25FF-4F21-BAD4-962D939F2B78}
	EndGlobalSection
EndGlobal
